PODS:
  - SwiftEntryKit (2.0.0)

DEPENDENCIES:
  - SwiftEntryKit (= 2.0.0)

SPEC REPOS:
  https://github.com/cocoapods/specs.git:
    - SwiftEntryKit

SPEC CHECKSUMS:
  SwiftEntryKit: 61b5fa36f34a97dd8013e48a7345bc4c4720be9a

PODFILE CHECKSUM: af12412fa56331b8bc172079c44021dc3cff6e2c

COCOAPODS: 1.11.3
